<?xml version="1.0" encoding="UTF-8" standalone="yes" ?>
<CodeBlocks_project_file>
	<FileVersion major="1" minor="6" />
	<Project>
		<Option title="dealership-management" />
		<Option pch_mode="2" />
		<Option compiler="gcc" />
		<Build>
			<Target title="Debug">
				<Option output="bin/Debug/dealership-management" prefix_auto="1" extension_auto="1" />
				<Option object_output="obj/Debug/" />
				<Option type="1" />
				<Option compiler="gcc" />
				<Compiler>
					<Add option="-g" />
				</Compiler>
			</Target>
			<Target title="Release">
				<Option output="bin/Release/dealership-management" prefix_auto="1" extension_auto="1" />
				<Option object_output="obj/Release/" />
				<Option type="1" />
				<Option compiler="gcc" />
				<Compiler>
					<Add option="-O2" />
				</Compiler>
				<Linker>
					<Add option="-s" />
				</Linker>
			</Target>
		</Build>
		<Compiler>
			<Add option="-Wall" />
		</Compiler>
		<Unit filename="controllers/auto/ctrAuto.c">
			<Option compilerVar="CC" />
		</Unit>
		<Unit filename="controllers/auto/ctrAuto.h" />
		<Unit filename="controllers/persona/ctrPersona.c">
			<Option compilerVar="CC" />
		</Unit>
		<Unit filename="controllers/persona/ctrPersona.h" />
		<Unit filename="controllers/usuario/ctrUsuario.c">
			<Option compilerVar="CC" />
		</Unit>
		<Unit filename="controllers/usuario/ctrUsuario.h" />
		<Unit filename="controllers/venta/ctrVenta.c">
			<Option compilerVar="CC" />
		</Unit>
		<Unit filename="controllers/venta/ctrVenta.h" />
		<Unit filename="login/login.c">
			<Option compilerVar="CC" />
		</Unit>
		<Unit filename="login/login.h" />
		<Unit filename="main.c">
			<Option compilerVar="CC" />
		</Unit>
		<Unit filename="options/options.c">
			<Option compilerVar="CC" />
		</Unit>
		<Unit filename="options/options.h" />
		<Unit filename="prints/prints.c">
			<Option compilerVar="CC" />
		</Unit>
		<Unit filename="prints/prints.h" />
		<Unit filename="structs/auto/stAuto.c">
			<Option compilerVar="CC" />
		</Unit>
		<Unit filename="structs/auto/stAuto.h" />
		<Unit filename="structs/auto/stAutoDinamico.c">
			<Option compilerVar="CC" />
		</Unit>
		<Unit filename="structs/auto/stAutoDinamico.h" />
		<Unit filename="structs/fecha/stFecha.c">
			<Option compilerVar="CC" />
		</Unit>
		<Unit filename="structs/fecha/stFecha.h" />
		<Unit filename="structs/persona/stPersona.c">
			<Option compilerVar="CC" />
		</Unit>
		<Unit filename="structs/persona/stPersona.h" />
		<Unit filename="structs/persona/stPersonaDinamica.c">
			<Option compilerVar="CC" />
		</Unit>
		<Unit filename="structs/persona/stPersonaDinamica.h" />
		<Unit filename="structs/usuario/stUsuario.c">
			<Option compilerVar="CC" />
		</Unit>
		<Unit filename="structs/usuario/stUsuario.h" />
		<Unit filename="structs/usuario/stUsuarioDinamico.c">
			<Option compilerVar="CC" />
		</Unit>
		<Unit filename="structs/usuario/stUsuarioDinamico.h" />
		<Unit filename="structs/venta/stVenta.c">
			<Option compilerVar="CC" />
		</Unit>
		<Unit filename="structs/venta/stVenta.h" />
		<Unit filename="structs/venta/stVentaDinamica.c">
			<Option compilerVar="CC" />
		</Unit>
		<Unit filename="structs/venta/stVentaDinamica.h" />
		<Unit filename="utils/utils.c">
			<Option compilerVar="CC" />
		</Unit>
		<Unit filename="utils/utils.h" />
		<Extensions />
	</Project>
</CodeBlocks_project_file>
